// !$*UTF8*$!
{
	archiveVersion = 1;
	classes = {
	};
	objectVersion = 50;
	objects = {

/* Begin PBXBuildFile section */
		134A78B0240D8042002894D3 /* AppDelegate.swift in Sources */ = {isa = PBXBuildFile; fileRef = 134A78AF240D8042002894D3 /* AppDelegate.swift */; };
		134A78B2240D8042002894D3 /* SceneDelegate.swift in Sources */ = {isa = PBXBuildFile; fileRef = 134A78B1240D8042002894D3 /* SceneDelegate.swift */; };
		134A78B4240D8042002894D3 /* ViewController.swift in Sources */ = {isa = PBXBuildFile; fileRef = 134A78B3240D8042002894D3 /* ViewController.swift */; };
		134A78B7240D8042002894D3 /* Main.storyboard in Resources */ = {isa = PBXBuildFile; fileRef = 134A78B5240D8042002894D3 /* Main.storyboard */; };
		134A78B9240D8046002894D3 /* Assets.xcassets in Resources */ = {isa = PBXBuildFile; fileRef = 134A78B8240D8046002894D3 /* Assets.xcassets */; };
		134A78BC240D8046002894D3 /* LaunchScreen.storyboard in Resources */ = {isa = PBXBuildFile; fileRef = 134A78BA240D8046002894D3 /* LaunchScreen.storyboard */; };
		13624A6924182DA40032F0B4 /* Pessoa.swift in Sources */ = {isa = PBXBuildFile; fileRef = 13624A6824182DA40032F0B4 /* Pessoa.swift */; };
		13858DEA2423F29900357488 /* Bebida.swift in Sources */ = {isa = PBXBuildFile; fileRef = 13858DE92423F29900357488 /* Bebida.swift */; };
		13858DEC2423F7F300357488 /* Exercicio.swift in Sources */ = {isa = PBXBuildFile; fileRef = 13858DEB2423F7F300357488 /* Exercicio.swift */; };
		13DE8F6324216DC400A99E59 /* Comida.swift in Sources */ = {isa = PBXBuildFile; fileRef = 13DE8F6224216DC400A99E59 /* Comida.swift */; };
		13EDD132241ADB8D006F61A1 /* TableViewCell.swift in Sources */ = {isa = PBXBuildFile; fileRef = 13EDD130241ADB8D006F61A1 /* TableViewCell.swift */; };
		13EDD133241ADB8D006F61A1 /* TableViewCell.xib in Resources */ = {isa = PBXBuildFile; fileRef = 13EDD131241ADB8D006F61A1 /* TableViewCell.xib */; };
/* End PBXBuildFile section */

/* Begin PBXFileReference section */
		134A78AC240D8042002894D3 /* Calculorias.app */ = {isa = PBXFileReference; explicitFileType = wrapper.application; includeInIndex = 0; path = Calculorias.app; sourceTree = BUILT_PRODUCTS_DIR; };
		134A78AF240D8042002894D3 /* AppDelegate.swift */ = {isa = PBXFileReference; lastKnownFileType = sourcecode.swift; path = AppDelegate.swift; sourceTree = "<group>"; };
		134A78B1240D8042002894D3 /* SceneDelegate.swift */ = {isa = PBXFileReference; lastKnownFileType = sourcecode.swift; path = SceneDelegate.swift; sourceTree = "<group>"; };
		134A78B3240D8042002894D3 /* ViewController.swift */ = {isa = PBXFileReference; lastKnownFileType = sourcecode.swift; path = ViewController.swift; sourceTree = "<group>"; };
		134A78B6240D8042002894D3 /* Base */ = {isa = PBXFileReference; lastKnownFileType = file.storyboard; name = Base; path = Base.lproj/Main.storyboard; sourceTree = "<group>"; };
		134A78B8240D8046002894D3 /* Assets.xcassets */ = {isa = PBXFileReference; lastKnownFileType = folder.assetcatalog; path = Assets.xcassets; sourceTree = "<group>"; };
		134A78BB240D8046002894D3 /* Base */ = {isa = PBXFileReference; lastKnownFileType = file.storyboard; name = Base; path = Base.lproj/LaunchScreen.storyboard; sourceTree = "<group>"; };
		134A78BD240D8046002894D3 /* Info.plist */ = {isa = PBXFileReference; lastKnownFileType = text.plist.xml; path = Info.plist; sourceTree = "<group>"; };
		13624A6824182DA40032F0B4 /* Pessoa.swift */ = {isa = PBXFileReference; lastKnownFileType = sourcecode.swift; path = Pessoa.swift; sourceTree = "<group>"; };
		13858DE92423F29900357488 /* Bebida.swift */ = {isa = PBXFileReference; lastKnownFileType = sourcecode.swift; path = Bebida.swift; sourceTree = "<group>"; };
		13858DEB2423F7F300357488 /* Exercicio.swift */ = {isa = PBXFileReference; lastKnownFileType = sourcecode.swift; path = Exercicio.swift; sourceTree = "<group>"; };
		13DE8F6224216DC400A99E59 /* Comida.swift */ = {isa = PBXFileReference; lastKnownFileType = sourcecode.swift; path = Comida.swift; sourceTree = "<group>"; };
		13EDD130241ADB8D006F61A1 /* TableViewCell.swift */ = {isa = PBXFileReference; lastKnownFileType = sourcecode.swift; path = TableViewCell.swift; sourceTree = "<group>"; };
		13EDD131241ADB8D006F61A1 /* TableViewCell.xib */ = {isa = PBXFileReference; lastKnownFileType = file.xib; path = TableViewCell.xib; sourceTree = "<group>"; };
/* End PBXFileReference section */

/* Begin PBXFrameworksBuildPhase section */
		134A78A9240D8042002894D3 /* Frameworks */ = {
			isa = PBXFrameworksBuildPhase;
			buildActionMask = 2147483647;
			files = (
			);
			runOnlyForDeploymentPostprocessing = 0;
		};
/* End PBXFrameworksBuildPhase section */

/* Begin PBXGroup section */
		134A78A3240D8042002894D3 = {
			isa = PBXGroup;
			children = (
				134A78AE240D8042002894D3 /* Calculorias */,
				134A78AD240D8042002894D3 /* Products */,
			);
			sourceTree = "<group>";
		};
		134A78AD240D8042002894D3 /* Products */ = {
			isa = PBXGroup;
			children = (
				134A78AC240D8042002894D3 /* Calculorias.app */,
			);
			name = Products;
			sourceTree = "<group>";
		};
		134A78AE240D8042002894D3 /* Calculorias */ = {
			isa = PBXGroup;
			children = (
				134A78AF240D8042002894D3 /* AppDelegate.swift */,
				134A78B1240D8042002894D3 /* SceneDelegate.swift */,
				134A78B3240D8042002894D3 /* ViewController.swift */,
				13858DEB2423F7F300357488 /* Exercicio.swift */,
				13858DE92423F29900357488 /* Bebida.swift */,
				13DE8F6224216DC400A99E59 /* Comida.swift */,
				13624A6824182DA40032F0B4 /* Pessoa.swift */,
				134A78B5240D8042002894D3 /* Main.storyboard */,
				13EDD130241ADB8D006F61A1 /* TableViewCell.swift */,
				13EDD131241ADB8D006F61A1 /* TableViewCell.xib */,
				134A78B8240D8046002894D3 /* Assets.xcassets */,
				134A78BA240D8046002894D3 /* LaunchScreen.storyboard */,
				134A78BD240D8046002894D3 /* Info.plist */,
			);
			path = Calculorias;
			sourceTree = "<group>";
		};
/* End PBXGroup section */

/* Begin PBXNativeTarget section */
		134A78AB240D8042002894D3 /* Calculorias */ = {
			isa = PBXNativeTarget;
			buildConfigurationList = 134A78C0240D8046002894D3 /* Build configuration list for PBXNativeTarget "Calculorias" */;
			buildPhases = (
				134A78A8240D8042002894D3 /* Sources */,
				134A78A9240D8042002894D3 /* Frameworks */,
				134A78AA240D8042002894D3 /* Resources */,
			);
			buildRules = (
			);
			dependencies = (
			);
			name = Calculorias;
			productName = Calculorias;
			productReference = 134A78AC240D8042002894D3 /* Calculorias.app */;
			productType = "com.apple.product-type.application";
		};
/* End PBXNativeTarget section */

/* Begin PBXProject section */
		134A78A4240D8042002894D3 /* Project object */ = {
			isa = PBXProject;
			attributes = {
				LastSwiftUpdateCheck = 1130;
				LastUpgradeCheck = 1130;
				ORGANIZATIONNAME = "Victor de Araujo Vieira";
				TargetAttributes = {
					134A78AB240D8042002894D3 = {
						CreatedOnToolsVersion = 11.3.1;
					};
				};
			};
			buildConfigurationList = 134A78A7240D8042002894D3 /* Build configuration list for PBXProject "Calculorias" */;
			compatibilityVersion = "Xcode 9.3";
			developmentRegion = en;
			hasScannedForEncodings = 0;
			knownRegions = (
				en,
				Base,
			);
			mainGroup = 134A78A3240D8042002894D3;
			productRefGroup = 134A78AD240D8042002894D3 /* Products */;
			projectDirPath = "";
			projectRoot = "";
			targets = (
				134A78AB240D8042002894D3 /* Calculorias */,
			);
		};
/* End PBXProject section */

/* Begin PBXResourcesBuildPhase section */
		134A78AA240D8042002894D3 /* Resources */ = {
			isa = PBXResourcesBuildPhase;
			buildActionMask = 2147483647;
			files = (
				134A78BC240D8046002894D3 /* LaunchScreen.storyboard in Resources */,
				13EDD133241ADB8D006F61A1 /* TableViewCell.xib in Resources */,
				134A78B9240D8046002894D3 /* Assets.xcassets in Resources */,
				134A78B7240D8042002894D3 /* Main.storyboard in Resources */,
			);
			runOnlyForDeploymentPostprocessing = 0;
		};
/* End PBXResourcesBuildPhase section */

/* Begin PBXSourcesBuildPhase section */
		134A78A8240D8042002894D3 /* Sources */ = {
			isa = PBXSourcesBuildPhase;
			buildActionMask = 2147483647;
			files = (
				13EDD132241ADB8D006F61A1 /* TableViewCell.swift in Sources */,
				134A78B4240D8042002894D3 /* ViewController.swift in Sources */,
				13DE8F6324216DC400A99E59 /* Comida.swift in Sources */,
				13858DEA2423F29900357488 /* Bebida.swift in Sources */,
				134A78B0240D8042002894D3 /* AppDelegate.swift in Sources */,
				13858DEC2423F7F300357488 /* Exercicio.swift in Sources */,
				13624A6924182DA40032F0B4 /* Pessoa.swift in Sources */,
				134A78B2240D8042002894D3 /* SceneDelegate.swift in Sources */,
			);
			runOnlyForDeploymentPostprocessing = 0;
		};
/* End PBXSourcesBuildPhase section */

/* Begin PBXVariantGroup section */
		134A78B5240D8042002894D3 /* Main.storyboard */ = {
			isa = PBXVariantGroup;
			children = (
				134A78B6240D8042002894D3 /* Base */,
			);
			name = Main.storyboard;
			sourceTree = "<group>";
		};
		134A78BA240D8046002894D3 /* LaunchScreen.storyboard */ = {
			isa = PBXVariantGroup;
			children = (
				134A78BB240D8046002894D3 /* Base */,
			);
			name = LaunchScreen.storyboard;
			sourceTree = "<group>";
		};
/* End PBXVariantGroup section */

/* Begin XCBuildConfiguration section */
		134A78BE240D8046002894D3 /* Debug */ = {
			isa = XCBuildConfiguration;
			buildSettings = {
				ALWAYS_SEARCH_USER_PATHS = NO;
				CLANG_ANALYZER_NONNULL = YES;
				CLANG_ANALYZER_NUMBER_OBJECT_CONVERSION = YES_AGGRESSIVE;
				CLANG_CXX_LANGUAGE_STANDARD = "gnu++14";
				CLANG_CXX_LIBRARY = "libc++";
				CLANG_ENABLE_MODULES = YES;
				CLANG_ENABLE_OBJC_ARC = YES;
				CLANG_ENABLE_OBJC_WEAK = YES;
				CLANG_WARN_BLOCK_CAPTURE_AUTORELEASING = YES;
				CLANG_WARN_BOOL_CONVERSION = YES;
				CLANG_WARN_COMMA = YES;
				CLANG_WARN_CONSTANT_CONVERSION = YES;
				CLANG_WARN_DEPRECATED_OBJC_IMPLEMENTATIONS = YES;
				CLANG_WARN_DIRECT_OBJC_ISA_USAGE = YES_ERROR;
				CLANG_WARN_DOCUMENTATION_COMMENTS = YES;
				CLANG_WARN_EMPTY_BODY = YES;
				CLANG_WARN_ENUM_CONVERSION = YES;
				CLANG_WARN_INFINITE_RECURSION = YES;
				CLANG_WARN_INT_CONVERSION = YES;
				CLANG_WARN_NON_LITERAL_NULL_CONVERSION = YES;
				CLANG_WARN_OBJC_IMPLICIT_RETAIN_SELF = YES;
				CLANG_WARN_OBJC_LITERAL_CONVERSION = YES;
				CLANG_WARN_OBJC_ROOT_CLASS = YES_ERROR;
				CLANG_WARN_RANGE_LOOP_ANALYSIS = YES;
				CLANG_WARN_STRICT_PROTOTYPES = YES;
				CLANG_WARN_SUSPICIOUS_MOVE = YES;
				CLANG_WARN_UNGUARDED_AVAILABILITY = YES_AGGRESSIVE;
				CLANG_WARN_UNREACHABLE_CODE = YES;
				CLANG_WARN__DUPLICATE_METHOD_MATCH = YES;
				COPY_PHASE_STRIP = NO;
				DEBUG_INFORMATION_FORMAT = dwarf;
				ENABLE_STRICT_OBJC_MSGSEND = YES;
				ENABLE_TESTABILITY = YES;
				GCC_C_LANGUAGE_STANDARD = gnu11;
				GCC_DYNAMIC_NO_PIC = NO;
				GCC_NO_COMMON_BLOCKS = YES;
				GCC_OPTIMIZATION_LEVEL = 0;
				GCC_PREPROCESSOR_DEFINITIONS = (
					"DEBUG=1",
					"$(inherited)",
				);
				GCC_WARN_64_TO_32_BIT_CONVERSION = YES;
				GCC_WARN_ABOUT_RETURN_TYPE = YES_ERROR;
				GCC_WARN_UNDECLARED_SELECTOR = YES;
				GCC_WARN_UNINITIALIZED_AUTOS = YES_AGGRESSIVE;
				GCC_WARN_UNUSED_FUNCTION = YES;
				GCC_WARN_UNUSED_VARIABLE = YES;
				IPHONEOS_DEPLOYMENT_TARGET = 13.2;
				MTL_ENABLE_DEBUG_INFO = INCLUDE_SOURCE;
				MTL_FAST_MATH = YES;
				ONLY_ACTIVE_ARCH = YES;
				SDKROOT = iphoneos;
				SWIFT_ACTIVE_COMPILATION_CONDITIONS = DEBUG;
				SWIFT_OPTIMIZATION_LEVEL = "-Onone";
			};
			name = Debug;
		};
		134A78BF240D8046002894D3 /* Release */ = {
			isa = XCBuildConfiguration;
			buildSettings = {
				ALWAYS_SEARCH_USER_PATHS = NO;
				CLANG_ANALYZER_NONNULL = YES;
				CLANG_ANALYZER_NUMBER_OBJECT_CONVERSION = YES_AGGRESSIVE;
				CLANG_CXX_LANGUAGE_STANDARD = "gnu++14";
				CLANG_CXX_LIBRARY = "libc++";
				CLANG_ENABLE_MODULES = YES;
				CLANG_ENABLE_OBJC_ARC = YES;
				CLANG_ENABLE_OBJC_WEAK = YES;
				CLANG_WARN_BLOCK_CAPTURE_AUTORELEASING = YES;
				CLANG_WARN_BOOL_CONVERSION = YES;
				CLANG_WARN_COMMA = YES;
				CLANG_WARN_CONSTANT_CONVERSION = YES;
				CLANG_WARN_DEPRECATED_OBJC_IMPLEMENTATIONS = YES;
				CLANG_WARN_DIRECT_OBJC_ISA_USAGE = YES_ERROR;
				CLANG_WARN_DOCUMENTATION_COMMENTS = YES;
				CLANG_WARN_EMPTY_BODY = YES;
				CLANG_WARN_ENUM_CONVERSION = YES;
				CLANG_WARN_INFINITE_RECURSION = YES;
				CLANG_WARN_INT_CONVERSION = YES;
				CLANG_WARN_NON_LITERAL_NULL_CONVERSION = YES;
				CLANG_WARN_OBJC_IMPLICIT_RETAIN_SELF = YES;
				CLANG_WARN_OBJC_LITERAL_CONVERSION = YES;
				CLANG_WARN_OBJC_ROOT_CLASS = YES_ERROR;
				CLANG_WARN_RANGE_LOOP_ANALYSIS = YES;
				CLANG_WARN_STRICT_PROTOTYPES = YES;
				CLANG_WARN_SUSPICIOUS_MOVE = YES;
				CLANG_WARN_UNGUARDED_AVAILABILITY = YES_AGGRESSIVE;
				CLANG_WARN_UNREACHABLE_CODE = YES;
				CLANG_WARN__DUPLICATE_METHOD_MATCH = YES;
				COPY_PHASE_STRIP = NO;
				DEBUG_INFORMATION_FORMAT = "dwarf-with-dsym";
				ENABLE_NS_ASSERTIONS = NO;
				ENABLE_STRICT_OBJC_MSGSEND = YES;
				GCC_C_LANGUAGE_STANDARD = gnu11;
				GCC_NO_COMMON_BLOCKS = YES;
				GCC_WARN_64_TO_32_BIT_CONVERSION = YES;
				GCC_WARN_ABOUT_RETURN_TYPE = YES_ERROR;
				GCC_WARN_UNDECLARED_SELECTOR = YES;
				GCC_WARN_UNINITIALIZED_AUTOS = YES_AGGRESSIVE;
				GCC_WARN_UNUSED_FUNCTION = YES;
				GCC_WARN_UNUSED_VARIABLE = YES;
				IPHONEOS_DEPLOYMENT_TARGET = 13.2;
				MTL_ENABLE_DEBUG_INFO = NO;
				MTL_FAST_MATH = YES;
				SDKROOT = iphoneos;
				SWIFT_COMPILATION_MODE = wholemodule;
				SWIFT_OPTIMIZATION_LEVEL = "-O";
				VALIDATE_PRODUCT = YES;
			};
			name = Release;
		};
		134A78C1240D8046002894D3 /* Debug */ = {
			isa = XCBuildConfiguration;
			buildSettings = {
				ASSETCATALOG_COMPILER_APPICON_NAME = AppIcon;
				CODE_SIGN_STYLE = Automatic;
				INFOPLIST_FILE = Calculorias/Info.plist;
				LD_RUNPATH_SEARCH_PATHS = (
					"$(inherited)",
					"@executable_path/Frameworks",
				);
				PRODUCT_BUNDLE_IDENTIFIER = br.ufpe.cin.academy.Calculorias;
				PRODUCT_NAME = "$(TARGET_NAME)";
				SWIFT_VERSION = 5.0;
				TARGETED_DEVICE_FAMILY = "1,2";
			};
			name = Debug;
		};
		134A78C2240D8046002894D3 /* Release */ = {
			isa = XCBuildConfiguration;
			buildSettings = {
				ASSETCATALOG_COMPILER_APPICON_NAME = AppIcon;
				CODE_SIGN_STYLE = Automatic;
				INFOPLIST_FILE = Calculorias/Info.plist;
				LD_RUNPATH_SEARCH_PATHS = (
					"$(inherited)",
					"@executable_path/Frameworks",
				);
				PRODUCT_BUNDLE_IDENTIFIER = br.ufpe.cin.academy.Calculorias;
				PRODUCT_NAME = "$(TARGET_NAME)";
				SWIFT_VERSION = 5.0;
				TARGETED_DEVICE_FAMILY = "1,2";
			};
			name = Release;
		};
/* End XCBuildConfiguration section */

/* Begin XCConfigurationList section */
		134A78A7240D8042002894D3 /* Build configuration list for PBXProject "Calculorias" */ = {
			isa = XCConfigurationList;
			buildConfigurations = (
				134A78BE240D8046002894D3 /* Debug */,
				134A78BF240D8046002894D3 /* Release */,
			);
			defaultConfigurationIsVisible = 0;
			defaultConfigurationName = Release;
		};
		134A78C0240D8046002894D3 /* Build configuration list for PBXNativeTarget "Calculorias" */ = {
			isa = XCConfigurationList;
			buildConfigurations = (
				134A78C1240D8046002894D3 /* Debug */,
				134A78C2240D8046002894D3 /* Release */,
			);
			defaultConfigurationIsVisible = 0;
			defaultConfigurationName = Release;
		};
/* End XCConfigurationList section */
	};
	rootObject = 134A78A4240D8042002894D3 /* Project object */;
}
